# This file is automatically @generated by Cargo.
# It is not intended for manual editing.
version = 4

[[package]]
name = "isometric-cli"
version = "0.1.0"
dependencies = [
 "isometric-render",
 "isometric-style",
 "isometric-validate",
 "isometric-world",
]

[[package]]
name = "isometric-core"
version = "0.1.0"

[[package]]
name = "isometric-render"
version = "0.1.0"
dependencies = [
 "isometric-core",
 "isometric-style",
 "isometric-world",
]

[[package]]
name = "isometric-style"
version = "0.1.0"

[[package]]
name = "isometric-validate"
version = "0.1.0"
dependencies = [
 "isometric-style",
 "isometric-world",
]

[[package]]
name = "isometric-world"
version = "0.1.0"
dependencies = [
 "isometric-core",
]
